
Microsoft Visual Studio Solution File, Format Version 12.00
# Visual Studio 15
VisualStudioVersion = 15.0.28307.1321
MinimumVisualStudioVersion = 10.0.40219.1
Project("{FAE04EC0-301F-11D3-BF4B-00C04F79EFBC}") = "WebEgress", "WebEgress\WebEgress.csproj", "{915722FA-FE27-4C12-A36A-F8B15637B3C2}"
EndProject
Global
	GlobalSection(SolutionConfigurationPlatforms) = preSolution
		Debug|Any CPU = Debug|Any CPU
		Release|Any CPU = Release|Any CPU
	EndGlobalSection
	GlobalSection(ProjectConfigurationPlatforms) = postSolution
		{915722FA-FE27-4C12-A36A-F8B15637B3C2}.Debug|Any CPU.ActiveCfg = Debug|Any CPU
		{915722FA-FE27-4C12-A36A-F8B15637B3C2}.Debug|Any CPU.Build.0 = Debug|Any CPU
		{915722FA-FE27-4C12-A36A-F8B15637B3C2}.Release|Any CPU.ActiveCfg = Release|Any CPU
		{915722FA-FE27-4C12-A36A-F8B15637B3C2}.Release|Any CPU.Build.0 = Release|Any CPU
	EndGlobalSection
	GlobalSection(SolutionProperties) = preSolution
		HideSolutionNode = FALSE
	EndGlobalSection
	GlobalSection(ExtensibilityGlobals) = postSolution
		SolutionGuid = {1FD90DBB-8561-412A-9446-8B9EB717AEEC}
	EndGlobalSection
EndGlobal
